
Microsoft Visual Studio Solution File, Format Version 12.00
# Visual Studio Version 16
VisualStudioVersion = 16.0.35731.53
MinimumVisualStudioVersion = 10.0.40219.1
Project("{FAE04EC0-301F-11D3-BF4B-00C04F79EFBC}") = "UserWebAppliaction", "WebApplication1\UserWebAppliaction.csproj", "{45376DE3-BE66-4A8E-8166-44451AAFF402}"
EndProject
Project("{FAE04EC0-301F-11D3-BF4B-00C04F79EFBC}") = "EmployeeWebApp", "EmployeeWebApp\EmployeeWebApp.csproj", "{6626BE87-C797-4347-B80F-7DA24678DB41}"
EndProject
Project("{FAE04EC0-301F-11D3-BF4B-00C04F79EFBC}") = "JavaScriptExample", "JavaScriptExample\JavaScriptExample.csproj", "{8B8C5312-96B3-43B1-8BCE-647275E7093D}"
EndProject
Project("{FAE04EC0-301F-11D3-BF4B-00C04F79EFBC}") = "IdentityExample", "IdentityExample\IdentityExample.csproj", "{00493A89-EC9F-4999-8F3F-FC6F3937798B}"
EndProject
Project("{FAE04EC0-301F-11D3-BF4B-00C04F79EFBC}") = "FiltersExample", "FiltersExample\FiltersExample.csproj", "{84E93B6D-FA16-4766-985A-ED0AEBBBB8F6}"
EndProject
Project("{FAE04EC0-301F-11D3-BF4B-00C04F79EFBC}") = "WebApiEx", "WebApiEx\WebApiEx.csproj", "{9AA2FA87-7485-45D6-96AB-C5F0EC94CC2F}"
EndProject
Global
	GlobalSection(SolutionConfigurationPlatforms) = preSolution
		Debug|Any CPU = Debug|Any CPU
		Release|Any CPU = Release|Any CPU
	EndGlobalSection
	GlobalSection(ProjectConfigurationPlatforms) = postSolution
		{45376DE3-BE66-4A8E-8166-44451AAFF402}.Debug|Any CPU.ActiveCfg = Debug|Any CPU
		{45376DE3-BE66-4A8E-8166-44451AAFF402}.Debug|Any CPU.Build.0 = Debug|Any CPU
		{45376DE3-BE66-4A8E-8166-44451AAFF402}.Release|Any CPU.ActiveCfg = Release|Any CPU
		{45376DE3-BE66-4A8E-8166-44451AAFF402}.Release|Any CPU.Build.0 = Release|Any CPU
		{6626BE87-C797-4347-B80F-7DA24678DB41}.Debug|Any CPU.ActiveCfg = Debug|Any CPU
		{6626BE87-C797-4347-B80F-7DA24678DB41}.Debug|Any CPU.Build.0 = Debug|Any CPU
		{6626BE87-C797-4347-B80F-7DA24678DB41}.Release|Any CPU.ActiveCfg = Release|Any CPU
		{6626BE87-C797-4347-B80F-7DA24678DB41}.Release|Any CPU.Build.0 = Release|Any CPU
		{8B8C5312-96B3-43B1-8BCE-647275E7093D}.Debug|Any CPU.ActiveCfg = Debug|Any CPU
		{8B8C5312-96B3-43B1-8BCE-647275E7093D}.Debug|Any CPU.Build.0 = Debug|Any CPU
		{8B8C5312-96B3-43B1-8BCE-647275E7093D}.Release|Any CPU.ActiveCfg = Release|Any CPU
		{8B8C5312-96B3-43B1-8BCE-647275E7093D}.Release|Any CPU.Build.0 = Release|Any CPU
		{00493A89-EC9F-4999-8F3F-FC6F3937798B}.Debug|Any CPU.ActiveCfg = Debug|Any CPU
		{00493A89-EC9F-4999-8F3F-FC6F3937798B}.Debug|Any CPU.Build.0 = Debug|Any CPU
		{00493A89-EC9F-4999-8F3F-FC6F3937798B}.Release|Any CPU.ActiveCfg = Release|Any CPU
		{00493A89-EC9F-4999-8F3F-FC6F3937798B}.Release|Any CPU.Build.0 = Release|Any CPU
		{84E93B6D-FA16-4766-985A-ED0AEBBBB8F6}.Debug|Any CPU.ActiveCfg = Debug|Any CPU
		{84E93B6D-FA16-4766-985A-ED0AEBBBB8F6}.Debug|Any CPU.Build.0 = Debug|Any CPU
		{84E93B6D-FA16-4766-985A-ED0AEBBBB8F6}.Release|Any CPU.ActiveCfg = Release|Any CPU
		{84E93B6D-FA16-4766-985A-ED0AEBBBB8F6}.Release|Any CPU.Build.0 = Release|Any CPU
		{9AA2FA87-7485-45D6-96AB-C5F0EC94CC2F}.Debug|Any CPU.ActiveCfg = Debug|Any CPU
		{9AA2FA87-7485-45D6-96AB-C5F0EC94CC2F}.Debug|Any CPU.Build.0 = Debug|Any CPU
		{9AA2FA87-7485-45D6-96AB-C5F0EC94CC2F}.Release|Any CPU.ActiveCfg = Release|Any CPU
		{9AA2FA87-7485-45D6-96AB-C5F0EC94CC2F}.Release|Any CPU.Build.0 = Release|Any CPU
	EndGlobalSection
	GlobalSection(SolutionProperties) = preSolution
		HideSolutionNode = FALSE
	EndGlobalSection
	GlobalSection(ExtensibilityGlobals) = postSolution
		SolutionGuid = {ED141501-CE19-4131-BE6A-D2D6360D699C}
	EndGlobalSection
EndGlobal
